github.com/MetroReviews/metro-integrase v0.0.0-20220603193250-a088b1ba3952 h1:kVHyFPWlZs7fLMUjIrqjcObsFPVz7lHOsA1Wl8PhPbQ=
github.com/MetroReviews/metro-integrase v0.0.0-20220603193250-a088b1ba3952/go.mod h1:HcgPFsaWv5RJJ4AWQip8XHJUAv5IP7K82rME3ifFwkk=
github.com/MetroReviews/metro-integrase v0.0.0-20220603194615-b4d872a76783 h1:XZ7QNtlh9lijLoBukVYlvjXtmtI8j2lcTWhvU7IH4Rs=
github.com/MetroReviews/metro-integrase v0.0.0-20220603194615-b4d872a76783/go.mod h1:55G1NiozkP3EPp6TIe6QV3SorOE1BPdoM5oWFqDegiQ=
github.com/MetroReviews/metro-integrase v0.0.0-20220603195331-1ddcce618cc8 h1:WTHnLNk0k/ePkuxBZz00+mNs0BAyNuiOHuIhHRYJ9H8=
github.com/MetroReviews/metro-integrase v0.0.0-20220603195331-1ddcce618cc8/go.mod h1:55G1NiozkP3EPp6TIe6QV3SorOE1BPdoM5oWFqDegiQ=
github.com/MetroReviews/metro-integrase v0.0.0-20220603200127-c61a0dd2578c h1:l+HV5j0IOAdLSIC1w9PcVxJVdiGUB1ml8ftDfjOJyq4=
github.com/MetroReviews/metro-integrase v0.0.0-20220603200127-c61a0dd2578c/go.mod h1:55G1NiozkP3EPp6TIe6QV3SorOE1BPdoM5oWFqDegiQ=
github.com/MetroReviews/metro-integrase v0.0.0-20220603200522-20012ea6d71b h1:qgWvK8jOE50W3CvpQBxQlpqGO2XVVRyE6GDgZ2M0+08=
github.com/MetroReviews/metro-integrase v0.0.0-20220603200522-20012ea6d71b/go.mod h1:55G1NiozkP3EPp6TIe6QV3SorOE1BPdoM5oWFqDegiQ=
github.com/MetroReviews/metro-integrase v0.0.0-20220603201243-e1258831448f h1:kwg9YNXzTmTV+pLgC0TLlqidflcLqolsiFPdHG2Isog=
github.com/MetroReviews/metro-integrase v0.0.0-20220603201243-e1258831448f/go.mod h1:55G1NiozkP3EPp6TIe6QV3SorOE1BPdoM5oWFqDegiQ=
github.com/MetroReviews/metro-integrase v0.0.0-20220603201500-8844bb0b60a8 h1:FY+cad4SuVqkHWxlZB4ZMjPv2t+HbPip4ECVzwQmjj0=
github.com/MetroReviews/metro-integrase v0.0.0-20220603201500-8844bb0b60a8/go.mod h1:55G1NiozkP3EPp6TIe6QV3SorOE1BPdoM5oWFqDegiQ=
github.com/MetroReviews/metro-integrase v0.0.0-20220603201633-ac6f454d54df h1:DmA+MzEL09Rw8mu8z5ROb9kLyFy+eZ5ehTM5Pg1wYRU=
github.com/MetroReviews/metro-integrase v0.0.0-20220603201633-ac6f454d54df/go.mod h1:55G1NiozkP3EPp6TIe6QV3SorOE1BPdoM5oWFqDegiQ=
github.com/MetroReviews/metro-integrase v0.0.0-20220603202054-e06822c284c2 h1:KXEuAeCanG6h69cGWdcyhd/EC1pEqwV6GXncmZ3Bqck=
github.com/MetroReviews/metro-integrase v0.0.0-20220603202054-e06822c284c2/go.mod h1:55G1NiozkP3EPp6TIe6QV3SorOE1BPdoM5oWFqDegiQ=
github.com/MetroReviews/metro-integrase v0.0.0-20220925033212-1809c4c2177e h1:wIgFxxMb8obek9CKGsIeIYBjdAi1EyRjt29/LzvdpcE=
github.com/MetroReviews/metro-integrase v0.0.0-20220925033212-1809c4c2177e/go.mod h1:Zp+BG3q4JswcFtKhdiXwJ0qVamPTTwPqyKo81qMte4A=
github.com/MetroReviews/metro-integrase v0.0.0-20220925033716-821bc7eb70a3 h1:8PTB2R0ermV9XMU0sebSxRXSPaAoo/gIq282n6AcrUM=
github.com/MetroReviews/metro-integrase v0.0.0-20220925033716-821bc7eb70a3/go.mod h1:Zp+BG3q4JswcFtKhdiXwJ0qVamPTTwPqyKo81qMte4A=
github.com/davecgh/go-spew v1.1.1 h1:vj9j/u1bqnvCEfJOwUhtlOARqs3+rkHYY13jYWTU97c=
github.com/davecgh/go-spew v1.1.1/go.mod h1:J7Y8YcW2NihsgmVo/mv3lAwl/skON4iLHjSsI+c5H38=
github.com/felixge/httpsnoop v1.0.1 h1:lvB5Jl89CsZtGIWuTcDM1E/vkVs49/Ml7JJe07l8SPQ=
github.com/felixge/httpsnoop v1.0.1/go.mod h1:m8KPJKqk1gH5J9DgRY2ASl2lWCfGKXixSwevea8zH2U=
github.com/gorilla/handlers v1.5.1 h1:9lRY6j8DEeeBT10CvO9hGW0gmky0BprnvDI5vfhUHH4=
github.com/gorilla/handlers v1.5.1/go.mod h1:t8XrUpc4KVXb7HGyJ4/cEnwQiaxrX/hz1Zv/4g96P1Q=
github.com/gorilla/mux v1.8.0 h1:i40aqfkR1h2SlN9hojwV5ZA91wcXFOvkdNIeFDP5koI=
github.com/gorilla/mux v1.8.0/go.mod h1:DVbg23sWSpFRCP0SfiEN6jmj59UnW/n46BH5rLB71So=
github.com/pmezard/go-difflib v1.0.0 h1:4DBwDE0NGyQoBHbLQYPwSUPoCMWR5BEzIk/f1lZbAQM=
github.com/pmezard/go-difflib v1.0.0/go.mod h1:iKH77koFhYxTK1pcRnkKkqfTogsbg7gZNVY4sRDYZ/4=
github.com/sirupsen/logrus v1.8.1 h1:dJKuHgqk1NNQlqoA6BTlM1Wf9DOH3NBjQyu0h9+AZZE=
github.com/sirupsen/logrus v1.8.1/go.mod h1:yWOB1SBYBC5VeMP7gHvWumXLIWorT60ONWic61uBYv0=
github.com/stretchr/testify v1.2.2 h1:bSDNvY7ZPG5RlJ8otE/7V6gMiyenm9RtJ7IUVIAoJ1w=
github.com/stretchr/testify v1.2.2/go.mod h1:a8OnRcib4nhh0OaRAV+Yts87kKdq0PP7pXfy6kDkUVs=
golang.org/x/sys v0.0.0-20191026070338-33540a1f6037/go.mod h1:h1NjWce9XRLGQEsW7wpKNCjG9DtNlClVuFLEZdDNbEs=
golang.org/x/sys v0.0.0-20220520151302-bc2c85ada10a h1:dGzPydgVsqGcTRVwiLJ1jVbufYwmzD3LfVPLKsKg+0k=
golang.org/x/sys v0.0.0-20220520151302-bc2c85ada10a/go.mod h1:oPkhp1MJrh7nUepCBck5+mAzfO9JrbApNNgaTdGDITg=
